// !$*UTF8*$!
{
	archiveVersion = 1;
	classes = {
	};
	objectVersion = 50;
	objects = {

/* Begin PBXBuildFile section */
		C595DC90264EB0A90072C5AB /* AppDelegate.swift in Sources */ = {isa = PBXBuildFile; fileRef = C595DC8F264EB0A90072C5AB /* AppDelegate.swift */; };
		C595DC92264EB0A90072C5AB /* SceneDelegate.swift in Sources */ = {isa = PBXBuildFile; fileRef = C595DC91264EB0A90072C5AB /* SceneDelegate.swift */; };
		C595DC94264EB0A90072C5AB /* ViewController.swift in Sources */ = {isa = PBXBuildFile; fileRef = C595DC93264EB0A90072C5AB /* ViewController.swift */; };
		C595DC97264EB0A90072C5AB /* Main.storyboard in Resources */ = {isa = PBXBuildFile; fileRef = C595DC95264EB0A90072C5AB /* Main.storyboard */; };
		C595DC99264EB0B00072C5AB /* Assets.xcassets in Resources */ = {isa = PBXBuildFile; fileRef = C595DC98264EB0B00072C5AB /* Assets.xcassets */; };
		C595DC9C264EB0B00072C5AB /* LaunchScreen.storyboard in Resources */ = {isa = PBXBuildFile; fileRef = C595DC9A264EB0B00072C5AB /* LaunchScreen.storyboard */; };
		C595DCBA264EB0F40072C5AB /* lobby.png in Resources */ = {isa = PBXBuildFile; fileRef = C595DCA6264EB0F40072C5AB /* lobby.png */; };
		C595DCBB264EB0F40072C5AB /* battlebg.png in Resources */ = {isa = PBXBuildFile; fileRef = C595DCA7264EB0F40072C5AB /* battlebg.png */; };
		C595DCBC264EB0F40072C5AB /* bgimage.jpg in Resources */ = {isa = PBXBuildFile; fileRef = C595DCA8264EB0F40072C5AB /* bgimage.jpg */; };
		C595DCBD264EB0F40072C5AB /* waku.png in Resources */ = {isa = PBXBuildFile; fileRef = C595DCA9264EB0F40072C5AB /* waku.png */; };
		C595DCBE264EB0F40072C5AB /* gold_button.png in Resources */ = {isa = PBXBuildFile; fileRef = C595DCAA264EB0F40072C5AB /* gold_button.png */; };
		C595DCBF264EB0F40072C5AB /* yusya.png in Resources */ = {isa = PBXBuildFile; fileRef = C595DCAB264EB0F40072C5AB /* yusya.png */; };
		C595DCC0264EB0F40072C5AB /* monster.png in Resources */ = {isa = PBXBuildFile; fileRef = C595DCAC264EB0F40072C5AB /* monster.png */; };
		C595DCC1264EB0F40072C5AB /* TechMonManager.swift in Sources */ = {isa = PBXBuildFile; fileRef = C595DCAE264EB0F40072C5AB /* TechMonManager.swift */; };
		C595DCC2264EB0F40072C5AB /* Character.swift in Sources */ = {isa = PBXBuildFile; fileRef = C595DCAF264EB0F40072C5AB /* Character.swift */; };
		C595DCC3264EB0F40072C5AB /* SE_fanfare.mp3 in Resources */ = {isa = PBXBuildFile; fileRef = C595DCB1264EB0F40072C5AB /* SE_fanfare.mp3 */; };
		C595DCC4264EB0F40072C5AB /* BGM_battle001.mp3 in Resources */ = {isa = PBXBuildFile; fileRef = C595DCB2264EB0F40072C5AB /* BGM_battle001.mp3 */; };
		C595DCC5264EB0F40072C5AB /* SE_fire.mp3 in Resources */ = {isa = PBXBuildFile; fileRef = C595DCB3264EB0F40072C5AB /* SE_fire.mp3 */; };
		C595DCC6264EB0F40072C5AB /* SE_attack.mp3 in Resources */ = {isa = PBXBuildFile; fileRef = C595DCB4264EB0F40072C5AB /* SE_attack.mp3 */; };
		C595DCC7264EB0F40072C5AB /* SE_gameover.mp3 in Resources */ = {isa = PBXBuildFile; fileRef = C595DCB5264EB0F40072C5AB /* SE_gameover.mp3 */; };
		C595DCC8264EB0F40072C5AB /* SE_charge.mp3 in Resources */ = {isa = PBXBuildFile; fileRef = C595DCB6264EB0F40072C5AB /* SE_charge.mp3 */; };
		C595DCC9264EB0F40072C5AB /* lobby.mp3 in Resources */ = {isa = PBXBuildFile; fileRef = C595DCB7264EB0F40072C5AB /* lobby.mp3 */; };
		C595DCCA264EB0F40072C5AB /* misaki_gothic.ttf in Resources */ = {isa = PBXBuildFile; fileRef = C595DCB9264EB0F40072C5AB /* misaki_gothic.ttf */; };
		C595DCCD264ECB360072C5AB /* LobbyViewController.swift in Sources */ = {isa = PBXBuildFile; fileRef = C595DCCC264ECB360072C5AB /* LobbyViewController.swift */; };
		C595DCD0264ECB460072C5AB /* BattleViewController.swift in Sources */ = {isa = PBXBuildFile; fileRef = C595DCCF264ECB460072C5AB /* BattleViewController.swift */; };
/* End PBXBuildFile section */

/* Begin PBXFileReference section */
		C595DC8C264EB0A90072C5AB /* TechMon.app */ = {isa = PBXFileReference; explicitFileType = wrapper.application; includeInIndex = 0; path = TechMon.app; sourceTree = BUILT_PRODUCTS_DIR; };
		C595DC8F264EB0A90072C5AB /* AppDelegate.swift */ = {isa = PBXFileReference; lastKnownFileType = sourcecode.swift; path = AppDelegate.swift; sourceTree = "<group>"; };
		C595DC91264EB0A90072C5AB /* SceneDelegate.swift */ = {isa = PBXFileReference; lastKnownFileType = sourcecode.swift; path = SceneDelegate.swift; sourceTree = "<group>"; };
		C595DC93264EB0A90072C5AB /* ViewController.swift */ = {isa = PBXFileReference; lastKnownFileType = sourcecode.swift; path = ViewController.swift; sourceTree = "<group>"; };
		C595DC96264EB0A90072C5AB /* Base */ = {isa = PBXFileReference; lastKnownFileType = file.storyboard; name = Base; path = Base.lproj/Main.storyboard; sourceTree = "<group>"; };
		C595DC98264EB0B00072C5AB /* Assets.xcassets */ = {isa = PBXFileReference; lastKnownFileType = folder.assetcatalog; path = Assets.xcassets; sourceTree = "<group>"; };
		C595DC9B264EB0B00072C5AB /* Base */ = {isa = PBXFileReference; lastKnownFileType = file.storyboard; name = Base; path = Base.lproj/LaunchScreen.storyboard; sourceTree = "<group>"; };
		C595DC9D264EB0B00072C5AB /* Info.plist */ = {isa = PBXFileReference; lastKnownFileType = text.plist.xml; path = Info.plist; sourceTree = "<group>"; };
		C595DCA6264EB0F40072C5AB /* lobby.png */ = {isa = PBXFileReference; lastKnownFileType = image.png; path = lobby.png; sourceTree = "<group>"; };
		C595DCA7264EB0F40072C5AB /* battlebg.png */ = {isa = PBXFileReference; lastKnownFileType = image.png; path = battlebg.png; sourceTree = "<group>"; };
		C595DCA8264EB0F40072C5AB /* bgimage.jpg */ = {isa = PBXFileReference; lastKnownFileType = image.jpeg; path = bgimage.jpg; sourceTree = "<group>"; };
		C595DCA9264EB0F40072C5AB /* waku.png */ = {isa = PBXFileReference; lastKnownFileType = image.png; path = waku.png; sourceTree = "<group>"; };
		C595DCAA264EB0F40072C5AB /* gold_button.png */ = {isa = PBXFileReference; lastKnownFileType = image.png; path = gold_button.png; sourceTree = "<group>"; };
		C595DCAB264EB0F40072C5AB /* yusya.png */ = {isa = PBXFileReference; lastKnownFileType = image.png; path = yusya.png; sourceTree = "<group>"; };
		C595DCAC264EB0F40072C5AB /* monster.png */ = {isa = PBXFileReference; lastKnownFileType = image.png; path = monster.png; sourceTree = "<group>"; };
		C595DCAE264EB0F40072C5AB /* TechMonManager.swift */ = {isa = PBXFileReference; fileEncoding = 4; lastKnownFileType = sourcecode.swift; path = TechMonManager.swift; sourceTree = "<group>"; };
		C595DCAF264EB0F40072C5AB /* Character.swift */ = {isa = PBXFileReference; fileEncoding = 4; lastKnownFileType = sourcecode.swift; path = Character.swift; sourceTree = "<group>"; };
		C595DCB1264EB0F40072C5AB /* SE_fanfare.mp3 */ = {isa = PBXFileReference; lastKnownFileType = audio.mp3; path = SE_fanfare.mp3; sourceTree = "<group>"; };
		C595DCB2264EB0F40072C5AB /* BGM_battle001.mp3 */ = {isa = PBXFileReference; lastKnownFileType = audio.mp3; path = BGM_battle001.mp3; sourceTree = "<group>"; };
		C595DCB3264EB0F40072C5AB /* SE_fire.mp3 */ = {isa = PBXFileReference; lastKnownFileType = audio.mp3; path = SE_fire.mp3; sourceTree = "<group>"; };
		C595DCB4264EB0F40072C5AB /* SE_attack.mp3 */ = {isa = PBXFileReference; lastKnownFileType = audio.mp3; path = SE_attack.mp3; sourceTree = "<group>"; };
		C595DCB5264EB0F40072C5AB /* SE_gameover.mp3 */ = {isa = PBXFileReference; lastKnownFileType = audio.mp3; path = SE_gameover.mp3; sourceTree = "<group>"; };
		C595DCB6264EB0F40072C5AB /* SE_charge.mp3 */ = {isa = PBXFileReference; lastKnownFileType = audio.mp3; path = SE_charge.mp3; sourceTree = "<group>"; };
		C595DCB7264EB0F40072C5AB /* lobby.mp3 */ = {isa = PBXFileReference; lastKnownFileType = audio.mp3; path = lobby.mp3; sourceTree = "<group>"; };
		C595DCB9264EB0F40072C5AB /* misaki_gothic.ttf */ = {isa = PBXFileReference; lastKnownFileType = file; path = misaki_gothic.ttf; sourceTree = "<group>"; };
		C595DCCC264ECB360072C5AB /* LobbyViewController.swift */ = {isa = PBXFileReference; lastKnownFileType = sourcecode.swift; path = LobbyViewController.swift; sourceTree = "<group>"; };
		C595DCCF264ECB460072C5AB /* BattleViewController.swift */ = {isa = PBXFileReference; lastKnownFileType = sourcecode.swift; path = BattleViewController.swift; sourceTree = "<group>"; };
/* End PBXFileReference section */

/* Begin PBXFrameworksBuildPhase section */
		C595DC89264EB0A90072C5AB /* Frameworks */ = {
			isa = PBXFrameworksBuildPhase;
			buildActionMask = 2147483647;
			files = (
			);
			runOnlyForDeploymentPostprocessing = 0;
		};
/* End PBXFrameworksBuildPhase section */

/* Begin PBXGroup section */
		C595DC83264EB0A90072C5AB = {
			isa = PBXGroup;
			children = (
				C595DC8E264EB0A90072C5AB /* TechMon */,
				C595DC8D264EB0A90072C5AB /* Products */,
			);
			sourceTree = "<group>";
		};
		C595DC8D264EB0A90072C5AB /* Products */ = {
			isa = PBXGroup;
			children = (
				C595DC8C264EB0A90072C5AB /* TechMon.app */,
			);
			name = Products;
			sourceTree = "<group>";
		};
		C595DC8E264EB0A90072C5AB /* TechMon */ = {
			isa = PBXGroup;
			children = (
				C595DC8F264EB0A90072C5AB /* AppDelegate.swift */,
				C595DC91264EB0A90072C5AB /* SceneDelegate.swift */,
				C595DCA4264EB0F40072C5AB /* TechMon_Resource */,
				C595DC93264EB0A90072C5AB /* ViewController.swift */,
				C595DC95264EB0A90072C5AB /* Main.storyboard */,
				C595DCCC264ECB360072C5AB /* LobbyViewController.swift */,
				C595DCCF264ECB460072C5AB /* BattleViewController.swift */,
				C595DC98264EB0B00072C5AB /* Assets.xcassets */,
				C595DC9A264EB0B00072C5AB /* LaunchScreen.storyboard */,
				C595DC9D264EB0B00072C5AB /* Info.plist */,
			);
			path = TechMon;
			sourceTree = "<group>";
		};
		C595DCA4264EB0F40072C5AB /* TechMon_Resource */ = {
			isa = PBXGroup;
			children = (
				C595DCA5264EB0F40072C5AB /* Images */,
				C595DCAD264EB0F40072C5AB /* Models */,
				C595DCB0264EB0F40072C5AB /* Sounds */,
				C595DCB8264EB0F40072C5AB /* Fonts */,
			);
			path = TechMon_Resource;
			sourceTree = "<group>";
		};
		C595DCA5264EB0F40072C5AB /* Images */ = {
			isa = PBXGroup;
			children = (
				C595DCA6264EB0F40072C5AB /* lobby.png */,
				C595DCA7264EB0F40072C5AB /* battlebg.png */,
				C595DCA8264EB0F40072C5AB /* bgimage.jpg */,
				C595DCA9264EB0F40072C5AB /* waku.png */,
				C595DCAA264EB0F40072C5AB /* gold_button.png */,
				C595DCAB264EB0F40072C5AB /* yusya.png */,
				C595DCAC264EB0F40072C5AB /* monster.png */,
			);
			path = Images;
			sourceTree = "<group>";
		};
		C595DCAD264EB0F40072C5AB /* Models */ = {
			isa = PBXGroup;
			children = (
				C595DCAE264EB0F40072C5AB /* TechMonManager.swift */,
				C595DCAF264EB0F40072C5AB /* Character.swift */,
			);
			path = Models;
			sourceTree = "<group>";
		};
		C595DCB0264EB0F40072C5AB /* Sounds */ = {
			isa = PBXGroup;
			children = (
				C595DCB1264EB0F40072C5AB /* SE_fanfare.mp3 */,
				C595DCB2264EB0F40072C5AB /* BGM_battle001.mp3 */,
				C595DCB3264EB0F40072C5AB /* SE_fire.mp3 */,
				C595DCB4264EB0F40072C5AB /* SE_attack.mp3 */,
				C595DCB5264EB0F40072C5AB /* SE_gameover.mp3 */,
				C595DCB6264EB0F40072C5AB /* SE_charge.mp3 */,
				C595DCB7264EB0F40072C5AB /* lobby.mp3 */,
			);
			path = Sounds;
			sourceTree = "<group>";
		};
		C595DCB8264EB0F40072C5AB /* Fonts */ = {
			isa = PBXGroup;
			children = (
				C595DCB9264EB0F40072C5AB /* misaki_gothic.ttf */,
			);
			path = Fonts;
			sourceTree = "<group>";
		};
/* End PBXGroup section */

/* Begin PBXNativeTarget section */
		C595DC8B264EB0A90072C5AB /* TechMon */ = {
			isa = PBXNativeTarget;
			buildConfigurationList = C595DCA0264EB0B00072C5AB /* Build configuration list for PBXNativeTarget "TechMon" */;
			buildPhases = (
				C595DC88264EB0A90072C5AB /* Sources */,
				C595DC89264EB0A90072C5AB /* Frameworks */,
				C595DC8A264EB0A90072C5AB /* Resources */,
			);
			buildRules = (
			);
			dependencies = (
			);
			name = TechMon;
			productName = TechMon;
			productReference = C595DC8C264EB0A90072C5AB /* TechMon.app */;
			productType = "com.apple.product-type.application";
		};
/* End PBXNativeTarget section */

/* Begin PBXProject section */
		C595DC84264EB0A90072C5AB /* Project object */ = {
			isa = PBXProject;
			attributes = {
				LastSwiftUpdateCheck = 1230;
				LastUpgradeCheck = 1230;
				TargetAttributes = {
					C595DC8B264EB0A90072C5AB = {
						CreatedOnToolsVersion = 12.3;
					};
				};
			};
			buildConfigurationList = C595DC87264EB0A90072C5AB /* Build configuration list for PBXProject "TechMon" */;
			compatibilityVersion = "Xcode 9.3";
			developmentRegion = en;
			hasScannedForEncodings = 0;
			knownRegions = (
				en,
				Base,
			);
			mainGroup = C595DC83264EB0A90072C5AB;
			productRefGroup = C595DC8D264EB0A90072C5AB /* Products */;
			projectDirPath = "";
			projectRoot = "";
			targets = (
				C595DC8B264EB0A90072C5AB /* TechMon */,
			);
		};
/* End PBXProject section */

/* Begin PBXResourcesBuildPhase section */
		C595DC8A264EB0A90072C5AB /* Resources */ = {
			isa = PBXResourcesBuildPhase;
			buildActionMask = 2147483647;
			files = (
				C595DCBF264EB0F40072C5AB /* yusya.png in Resources */,
				C595DCBC264EB0F40072C5AB /* bgimage.jpg in Resources */,
				C595DCBD264EB0F40072C5AB /* waku.png in Resources */,
				C595DCC3264EB0F40072C5AB /* SE_fanfare.mp3 in Resources */,
				C595DCBA264EB0F40072C5AB /* lobby.png in Resources */,
				C595DCBE264EB0F40072C5AB /* gold_button.png in Resources */,
				C595DCC6264EB0F40072C5AB /* SE_attack.mp3 in Resources */,
				C595DC9C264EB0B00072C5AB /* LaunchScreen.storyboard in Resources */,
				C595DCC9264EB0F40072C5AB /* lobby.mp3 in Resources */,
				C595DC99264EB0B00072C5AB /* Assets.xcassets in Resources */,
				C595DCCA264EB0F40072C5AB /* misaki_gothic.ttf in Resources */,
				C595DCC7264EB0F40072C5AB /* SE_gameover.mp3 in Resources */,
				C595DCBB264EB0F40072C5AB /* battlebg.png in Resources */,
				C595DCC4264EB0F40072C5AB /* BGM_battle001.mp3 in Resources */,
				C595DCC8264EB0F40072C5AB /* SE_charge.mp3 in Resources */,
				C595DCC5264EB0F40072C5AB /* SE_fire.mp3 in Resources */,
				C595DCC0264EB0F40072C5AB /* monster.png in Resources */,
				C595DC97264EB0A90072C5AB /* Main.storyboard in Resources */,
			);
			runOnlyForDeploymentPostprocessing = 0;
		};
/* End PBXResourcesBuildPhase section */

/* Begin PBXSourcesBuildPhase section */
		C595DC88264EB0A90072C5AB /* Sources */ = {
			isa = PBXSourcesBuildPhase;
			buildActionMask = 2147483647;
			files = (
				C595DCD0264ECB460072C5AB /* BattleViewController.swift in Sources */,
				C595DCC1264EB0F40072C5AB /* TechMonManager.swift in Sources */,
				C595DC94264EB0A90072C5AB /* ViewController.swift in Sources */,
				C595DCC2264EB0F40072C5AB /* Character.swift in Sources */,
				C595DCCD264ECB360072C5AB /* LobbyViewController.swift in Sources */,
				C595DC90264EB0A90072C5AB /* AppDelegate.swift in Sources */,
				C595DC92264EB0A90072C5AB /* SceneDelegate.swift in Sources */,
			);
			runOnlyForDeploymentPostprocessing = 0;
		};
/* End PBXSourcesBuildPhase section */

/* Begin PBXVariantGroup section */
		C595DC95264EB0A90072C5AB /* Main.storyboard */ = {
			isa = PBXVariantGroup;
			children = (
				C595DC96264EB0A90072C5AB /* Base */,
			);
			name = Main.storyboard;
			sourceTree = "<group>";
		};
		C595DC9A264EB0B00072C5AB /* LaunchScreen.storyboard */ = {
			isa = PBXVariantGroup;
			children = (
				C595DC9B264EB0B00072C5AB /* Base */,
			);
			name = LaunchScreen.storyboard;
			sourceTree = "<group>";
		};
/* End PBXVariantGroup section */

/* Begin XCBuildConfiguration section */
		C595DC9E264EB0B00072C5AB /* Debug */ = {
			isa = XCBuildConfiguration;
			buildSettings = {
				ALWAYS_SEARCH_USER_PATHS = NO;
				CLANG_ANALYZER_NONNULL = YES;
				CLANG_ANALYZER_NUMBER_OBJECT_CONVERSION = YES_AGGRESSIVE;
				CLANG_CXX_LANGUAGE_STANDARD = "gnu++14";
				CLANG_CXX_LIBRARY = "libc++";
				CLANG_ENABLE_MODULES = YES;
				CLANG_ENABLE_OBJC_ARC = YES;
				CLANG_ENABLE_OBJC_WEAK = YES;
				CLANG_WARN_BLOCK_CAPTURE_AUTORELEASING = YES;
				CLANG_WARN_BOOL_CONVERSION = YES;
				CLANG_WARN_COMMA = YES;
				CLANG_WARN_CONSTANT_CONVERSION = YES;
				CLANG_WARN_DEPRECATED_OBJC_IMPLEMENTATIONS = YES;
				CLANG_WARN_DIRECT_OBJC_ISA_USAGE = YES_ERROR;
				CLANG_WARN_DOCUMENTATION_COMMENTS = YES;
				CLANG_WARN_EMPTY_BODY = YES;
				CLANG_WARN_ENUM_CONVERSION = YES;
				CLANG_WARN_INFINITE_RECURSION = YES;
				CLANG_WARN_INT_CONVERSION = YES;
				CLANG_WARN_NON_LITERAL_NULL_CONVERSION = YES;
				CLANG_WARN_OBJC_IMPLICIT_RETAIN_SELF = YES;
				CLANG_WARN_OBJC_LITERAL_CONVERSION = YES;
				CLANG_WARN_OBJC_ROOT_CLASS = YES_ERROR;
				CLANG_WARN_QUOTED_INCLUDE_IN_FRAMEWORK_HEADER = YES;
				CLANG_WARN_RANGE_LOOP_ANALYSIS = YES;
				CLANG_WARN_STRICT_PROTOTYPES = YES;
				CLANG_WARN_SUSPICIOUS_MOVE = YES;
				CLANG_WARN_UNGUARDED_AVAILABILITY = YES_AGGRESSIVE;
				CLANG_WARN_UNREACHABLE_CODE = YES;
				CLANG_WARN__DUPLICATE_METHOD_MATCH = YES;
				COPY_PHASE_STRIP = NO;
				DEBUG_INFORMATION_FORMAT = dwarf;
				ENABLE_STRICT_OBJC_MSGSEND = YES;
				ENABLE_TESTABILITY = YES;
				GCC_C_LANGUAGE_STANDARD = gnu11;
				GCC_DYNAMIC_NO_PIC = NO;
				GCC_NO_COMMON_BLOCKS = YES;
				GCC_OPTIMIZATION_LEVEL = 0;
				GCC_PREPROCESSOR_DEFINITIONS = (
					"DEBUG=1",
					"$(inherited)",
				);
				GCC_WARN_64_TO_32_BIT_CONVERSION = YES;
				GCC_WARN_ABOUT_RETURN_TYPE = YES_ERROR;
				GCC_WARN_UNDECLARED_SELECTOR = YES;
				GCC_WARN_UNINITIALIZED_AUTOS = YES_AGGRESSIVE;
				GCC_WARN_UNUSED_FUNCTION = YES;
				GCC_WARN_UNUSED_VARIABLE = YES;
				IPHONEOS_DEPLOYMENT_TARGET = 14.3;
				MTL_ENABLE_DEBUG_INFO = INCLUDE_SOURCE;
				MTL_FAST_MATH = YES;
				ONLY_ACTIVE_ARCH = YES;
				SDKROOT = iphoneos;
				SWIFT_ACTIVE_COMPILATION_CONDITIONS = DEBUG;
				SWIFT_OPTIMIZATION_LEVEL = "-Onone";
			};
			name = Debug;
		};
		C595DC9F264EB0B00072C5AB /* Release */ = {
			isa = XCBuildConfiguration;
			buildSettings = {
				ALWAYS_SEARCH_USER_PATHS = NO;
				CLANG_ANALYZER_NONNULL = YES;
				CLANG_ANALYZER_NUMBER_OBJECT_CONVERSION = YES_AGGRESSIVE;
				CLANG_CXX_LANGUAGE_STANDARD = "gnu++14";
				CLANG_CXX_LIBRARY = "libc++";
				CLANG_ENABLE_MODULES = YES;
				CLANG_ENABLE_OBJC_ARC = YES;
				CLANG_ENABLE_OBJC_WEAK = YES;
				CLANG_WARN_BLOCK_CAPTURE_AUTORELEASING = YES;
				CLANG_WARN_BOOL_CONVERSION = YES;
				CLANG_WARN_COMMA = YES;
				CLANG_WARN_CONSTANT_CONVERSION = YES;
				CLANG_WARN_DEPRECATED_OBJC_IMPLEMENTATIONS = YES;
				CLANG_WARN_DIRECT_OBJC_ISA_USAGE = YES_ERROR;
				CLANG_WARN_DOCUMENTATION_COMMENTS = YES;
				CLANG_WARN_EMPTY_BODY = YES;
				CLANG_WARN_ENUM_CONVERSION = YES;
				CLANG_WARN_INFINITE_RECURSION = YES;
				CLANG_WARN_INT_CONVERSION = YES;
				CLANG_WARN_NON_LITERAL_NULL_CONVERSION = YES;
				CLANG_WARN_OBJC_IMPLICIT_RETAIN_SELF = YES;
				CLANG_WARN_OBJC_LITERAL_CONVERSION = YES;
				CLANG_WARN_OBJC_ROOT_CLASS = YES_ERROR;
				CLANG_WARN_QUOTED_INCLUDE_IN_FRAMEWORK_HEADER = YES;
				CLANG_WARN_RANGE_LOOP_ANALYSIS = YES;
				CLANG_WARN_STRICT_PROTOTYPES = YES;
				CLANG_WARN_SUSPICIOUS_MOVE = YES;
				CLANG_WARN_UNGUARDED_AVAILABILITY = YES_AGGRESSIVE;
				CLANG_WARN_UNREACHABLE_CODE = YES;
				CLANG_WARN__DUPLICATE_METHOD_MATCH = YES;
				COPY_PHASE_STRIP = NO;
				DEBUG_INFORMATION_FORMAT = "dwarf-with-dsym";
				ENABLE_NS_ASSERTIONS = NO;
				ENABLE_STRICT_OBJC_MSGSEND = YES;
				GCC_C_LANGUAGE_STANDARD = gnu11;
				GCC_NO_COMMON_BLOCKS = YES;
				GCC_WARN_64_TO_32_BIT_CONVERSION = YES;
				GCC_WARN_ABOUT_RETURN_TYPE = YES_ERROR;
				GCC_WARN_UNDECLARED_SELECTOR = YES;
				GCC_WARN_UNINITIALIZED_AUTOS = YES_AGGRESSIVE;
				GCC_WARN_UNUSED_FUNCTION = YES;
				GCC_WARN_UNUSED_VARIABLE = YES;
				IPHONEOS_DEPLOYMENT_TARGET = 14.3;
				MTL_ENABLE_DEBUG_INFO = NO;
				MTL_FAST_MATH = YES;
				SDKROOT = iphoneos;
				SWIFT_COMPILATION_MODE = wholemodule;
				SWIFT_OPTIMIZATION_LEVEL = "-O";
				VALIDATE_PRODUCT = YES;
			};
			name = Release;
		};
		C595DCA1264EB0B00072C5AB /* Debug */ = {
			isa = XCBuildConfiguration;
			buildSettings = {
				ASSETCATALOG_COMPILER_APPICON_NAME = AppIcon;
				ASSETCATALOG_COMPILER_GLOBAL_ACCENT_COLOR_NAME = AccentColor;
				CODE_SIGN_STYLE = Automatic;
				INFOPLIST_FILE = TechMon/Info.plist;
				LD_RUNPATH_SEARCH_PATHS = (
					"$(inherited)",
					"@executable_path/Frameworks",
				);
				PRODUCT_BUNDLE_IDENTIFIER = app.yuma.ishibashi.TechMon;
				PRODUCT_NAME = "$(TARGET_NAME)";
				SWIFT_VERSION = 5.0;
				TARGETED_DEVICE_FAMILY = "1,2";
			};
			name = Debug;
		};
		C595DCA2264EB0B00072C5AB /* Release */ = {
			isa = XCBuildConfiguration;
			buildSettings = {
				ASSETCATALOG_COMPILER_APPICON_NAME = AppIcon;
				ASSETCATALOG_COMPILER_GLOBAL_ACCENT_COLOR_NAME = AccentColor;
				CODE_SIGN_STYLE = Automatic;
				INFOPLIST_FILE = TechMon/Info.plist;
				LD_RUNPATH_SEARCH_PATHS = (
					"$(inherited)",
					"@executable_path/Frameworks",
				);
				PRODUCT_BUNDLE_IDENTIFIER = app.yuma.ishibashi.TechMon;
				PRODUCT_NAME = "$(TARGET_NAME)";
				SWIFT_VERSION = 5.0;
				TARGETED_DEVICE_FAMILY = "1,2";
			};
			name = Release;
		};
/* End XCBuildConfiguration section */

/* Begin XCConfigurationList section */
		C595DC87264EB0A90072C5AB /* Build configuration list for PBXProject "TechMon" */ = {
			isa = XCConfigurationList;
			buildConfigurations = (
				C595DC9E264EB0B00072C5AB /* Debug */,
				C595DC9F264EB0B00072C5AB /* Release */,
			);
			defaultConfigurationIsVisible = 0;
			defaultConfigurationName = Release;
		};
		C595DCA0264EB0B00072C5AB /* Build configuration list for PBXNativeTarget "TechMon" */ = {
			isa = XCConfigurationList;
			buildConfigurations = (
				C595DCA1264EB0B00072C5AB /* Debug */,
				C595DCA2264EB0B00072C5AB /* Release */,
			);
			defaultConfigurationIsVisible = 0;
			defaultConfigurationName = Release;
		};
/* End XCConfigurationList section */
	};
	rootObject = C595DC84264EB0A90072C5AB /* Project object */;
}
